// !$*UTF8*$!
{
	archiveVersion = 1;
	classes = {
	};
	objectVersion = 55;
	objects = {

/* Begin PBXBuildFile section */
		AB8D58A12890FB85005D14F7 /* DetailViewController.swift in Sources */ = {isa = PBXBuildFile; fileRef = AB8D58A02890FB85005D14F7 /* DetailViewController.swift */; };
		AB9097C02890413700A49EDE /* AppDelegate.swift in Sources */ = {isa = PBXBuildFile; fileRef = AB9097BF2890413700A49EDE /* AppDelegate.swift */; };
		AB9097C22890413700A49EDE /* SceneDelegate.swift in Sources */ = {isa = PBXBuildFile; fileRef = AB9097C12890413700A49EDE /* SceneDelegate.swift */; };
		AB9097C42890413700A49EDE /* ViewController.swift in Sources */ = {isa = PBXBuildFile; fileRef = AB9097C32890413700A49EDE /* ViewController.swift */; };
		AB9097C72890413700A49EDE /* Main.storyboard in Resources */ = {isa = PBXBuildFile; fileRef = AB9097C52890413700A49EDE /* Main.storyboard */; };
		AB9097C92890414100A49EDE /* Assets.xcassets in Resources */ = {isa = PBXBuildFile; fileRef = AB9097C82890414100A49EDE /* Assets.xcassets */; };
		AB9097CC2890414100A49EDE /* LaunchScreen.storyboard in Resources */ = {isa = PBXBuildFile; fileRef = AB9097CA2890414100A49EDE /* LaunchScreen.storyboard */; };
		AB9097D72890418800A49EDE /* HeaderController.swift in Sources */ = {isa = PBXBuildFile; fileRef = AB9097D62890418800A49EDE /* HeaderController.swift */; };
		AB9097D9289041AE00A49EDE /* RestoModel.swift in Sources */ = {isa = PBXBuildFile; fileRef = AB9097D8289041AE00A49EDE /* RestoModel.swift */; };
		AB9097DC289043FC00A49EDE /* RestoTableViewCell.swift in Sources */ = {isa = PBXBuildFile; fileRef = AB9097DA289043FC00A49EDE /* RestoTableViewCell.swift */; };
		AB9097DD289043FC00A49EDE /* RestoTableViewCell.xib in Resources */ = {isa = PBXBuildFile; fileRef = AB9097DB289043FC00A49EDE /* RestoTableViewCell.xib */; };
/* End PBXBuildFile section */

/* Begin PBXFileReference section */
		AB8D58A02890FB85005D14F7 /* DetailViewController.swift */ = {isa = PBXFileReference; lastKnownFileType = sourcecode.swift; path = DetailViewController.swift; sourceTree = "<group>"; };
		AB9097BC2890413700A49EDE /* Restoin.app */ = {isa = PBXFileReference; explicitFileType = wrapper.application; includeInIndex = 0; path = Restoin.app; sourceTree = BUILT_PRODUCTS_DIR; };
		AB9097BF2890413700A49EDE /* AppDelegate.swift */ = {isa = PBXFileReference; lastKnownFileType = sourcecode.swift; path = AppDelegate.swift; sourceTree = "<group>"; };
		AB9097C12890413700A49EDE /* SceneDelegate.swift */ = {isa = PBXFileReference; lastKnownFileType = sourcecode.swift; path = SceneDelegate.swift; sourceTree = "<group>"; };
		AB9097C32890413700A49EDE /* ViewController.swift */ = {isa = PBXFileReference; lastKnownFileType = sourcecode.swift; path = ViewController.swift; sourceTree = "<group>"; };
		AB9097C62890413700A49EDE /* Base */ = {isa = PBXFileReference; lastKnownFileType = file.storyboard; name = Base; path = Base.lproj/Main.storyboard; sourceTree = "<group>"; };
		AB9097C82890414100A49EDE /* Assets.xcassets */ = {isa = PBXFileReference; lastKnownFileType = folder.assetcatalog; path = Assets.xcassets; sourceTree = "<group>"; };
		AB9097CB2890414100A49EDE /* Base */ = {isa = PBXFileReference; lastKnownFileType = file.storyboard; name = Base; path = Base.lproj/LaunchScreen.storyboard; sourceTree = "<group>"; };
		AB9097CD2890414100A49EDE /* Info.plist */ = {isa = PBXFileReference; lastKnownFileType = text.plist.xml; path = Info.plist; sourceTree = "<group>"; };
		AB9097D62890418800A49EDE /* HeaderController.swift */ = {isa = PBXFileReference; lastKnownFileType = sourcecode.swift; path = HeaderController.swift; sourceTree = "<group>"; };
		AB9097D8289041AE00A49EDE /* RestoModel.swift */ = {isa = PBXFileReference; lastKnownFileType = sourcecode.swift; path = RestoModel.swift; sourceTree = "<group>"; };
		AB9097DA289043FC00A49EDE /* RestoTableViewCell.swift */ = {isa = PBXFileReference; lastKnownFileType = sourcecode.swift; path = RestoTableViewCell.swift; sourceTree = "<group>"; };
		AB9097DB289043FC00A49EDE /* RestoTableViewCell.xib */ = {isa = PBXFileReference; lastKnownFileType = file.xib; path = RestoTableViewCell.xib; sourceTree = "<group>"; };
/* End PBXFileReference section */

/* Begin PBXFrameworksBuildPhase section */
		AB9097B92890413700A49EDE /* Frameworks */ = {
			isa = PBXFrameworksBuildPhase;
			buildActionMask = 2147483647;
			files = (
			);
			runOnlyForDeploymentPostprocessing = 0;
		};
/* End PBXFrameworksBuildPhase section */

/* Begin PBXGroup section */
		AB9097B32890413700A49EDE = {
			isa = PBXGroup;
			children = (
				AB9097BE2890413700A49EDE /* Restoin */,
				AB9097BD2890413700A49EDE /* Products */,
			);
			sourceTree = "<group>";
		};
		AB9097BD2890413700A49EDE /* Products */ = {
			isa = PBXGroup;
			children = (
				AB9097BC2890413700A49EDE /* Restoin.app */,
			);
			name = Products;
			sourceTree = "<group>";
		};
		AB9097BE2890413700A49EDE /* Restoin */ = {
			isa = PBXGroup;
			children = (
				AB9097D32890415300A49EDE /* Models */,
				AB9097D52890416700A49EDE /* Views */,
				AB9097D42890415D00A49EDE /* Controllers */,
				AB9097BF2890413700A49EDE /* AppDelegate.swift */,
				AB9097C12890413700A49EDE /* SceneDelegate.swift */,
				AB9097C82890414100A49EDE /* Assets.xcassets */,
				AB9097CA2890414100A49EDE /* LaunchScreen.storyboard */,
				AB9097CD2890414100A49EDE /* Info.plist */,
			);
			path = Restoin;
			sourceTree = "<group>";
		};
		AB9097D32890415300A49EDE /* Models */ = {
			isa = PBXGroup;
			children = (
				AB9097D8289041AE00A49EDE /* RestoModel.swift */,
			);
			path = Models;
			sourceTree = "<group>";
		};
		AB9097D42890415D00A49EDE /* Controllers */ = {
			isa = PBXGroup;
			children = (
				AB9097DA289043FC00A49EDE /* RestoTableViewCell.swift */,
				AB9097C32890413700A49EDE /* ViewController.swift */,
				AB9097D62890418800A49EDE /* HeaderController.swift */,
				AB8D58A02890FB85005D14F7 /* DetailViewController.swift */,
			);
			path = Controllers;
			sourceTree = "<group>";
		};
		AB9097D52890416700A49EDE /* Views */ = {
			isa = PBXGroup;
			children = (
				AB9097C52890413700A49EDE /* Main.storyboard */,
				AB9097DB289043FC00A49EDE /* RestoTableViewCell.xib */,
			);
			path = Views;
			sourceTree = "<group>";
		};
/* End PBXGroup section */

/* Begin PBXNativeTarget section */
		AB9097BB2890413700A49EDE /* Restoin */ = {
			isa = PBXNativeTarget;
			buildConfigurationList = AB9097D02890414100A49EDE /* Build configuration list for PBXNativeTarget "Restoin" */;
			buildPhases = (
				AB9097B82890413700A49EDE /* Sources */,
				AB9097B92890413700A49EDE /* Frameworks */,
				AB9097BA2890413700A49EDE /* Resources */,
			);
			buildRules = (
			);
			dependencies = (
			);
			name = Restoin;
			productName = Restoin;
			productReference = AB9097BC2890413700A49EDE /* Restoin.app */;
			productType = "com.apple.product-type.application";
		};
/* End PBXNativeTarget section */

/* Begin PBXProject section */
		AB9097B42890413700A49EDE /* Project object */ = {
			isa = PBXProject;
			attributes = {
				BuildIndependentTargetsInParallel = 1;
				LastSwiftUpdateCheck = 1320;
				LastUpgradeCheck = 1320;
				TargetAttributes = {
					AB9097BB2890413700A49EDE = {
						CreatedOnToolsVersion = 13.2.1;
					};
				};
			};
			buildConfigurationList = AB9097B72890413700A49EDE /* Build configuration list for PBXProject "Restoin" */;
			compatibilityVersion = "Xcode 13.0";
			developmentRegion = en;
			hasScannedForEncodings = 0;
			knownRegions = (
				en,
				Base,
			);
			mainGroup = AB9097B32890413700A49EDE;
			productRefGroup = AB9097BD2890413700A49EDE /* Products */;
			projectDirPath = "";
			projectRoot = "";
			targets = (
				AB9097BB2890413700A49EDE /* Restoin */,
			);
		};
/* End PBXProject section */

/* Begin PBXResourcesBuildPhase section */
		AB9097BA2890413700A49EDE /* Resources */ = {
			isa = PBXResourcesBuildPhase;
			buildActionMask = 2147483647;
			files = (
				AB9097CC2890414100A49EDE /* LaunchScreen.storyboard in Resources */,
				AB9097C92890414100A49EDE /* Assets.xcassets in Resources */,
				AB9097C72890413700A49EDE /* Main.storyboard in Resources */,
				AB9097DD289043FC00A49EDE /* RestoTableViewCell.xib in Resources */,
			);
			runOnlyForDeploymentPostprocessing = 0;
		};
/* End PBXResourcesBuildPhase section */

/* Begin PBXSourcesBuildPhase section */
		AB9097B82890413700A49EDE /* Sources */ = {
			isa = PBXSourcesBuildPhase;
			buildActionMask = 2147483647;
			files = (
				AB9097D9289041AE00A49EDE /* RestoModel.swift in Sources */,
				AB9097C42890413700A49EDE /* ViewController.swift in Sources */,
				AB9097C02890413700A49EDE /* AppDelegate.swift in Sources */,
				AB9097DC289043FC00A49EDE /* RestoTableViewCell.swift in Sources */,
				AB9097D72890418800A49EDE /* HeaderController.swift in Sources */,
				AB9097C22890413700A49EDE /* SceneDelegate.swift in Sources */,
				AB8D58A12890FB85005D14F7 /* DetailViewController.swift in Sources */,
			);
			runOnlyForDeploymentPostprocessing = 0;
		};
/* End PBXSourcesBuildPhase section */

/* Begin PBXVariantGroup section */
		AB9097C52890413700A49EDE /* Main.storyboard */ = {
			isa = PBXVariantGroup;
			children = (
				AB9097C62890413700A49EDE /* Base */,
			);
			name = Main.storyboard;
			sourceTree = "<group>";
		};
		AB9097CA2890414100A49EDE /* LaunchScreen.storyboard */ = {
			isa = PBXVariantGroup;
			children = (
				AB9097CB2890414100A49EDE /* Base */,
			);
			name = LaunchScreen.storyboard;
			sourceTree = "<group>";
		};
/* End PBXVariantGroup section */

/* Begin XCBuildConfiguration section */
		AB9097CE2890414100A49EDE /* Debug */ = {
			isa = XCBuildConfiguration;
			buildSettings = {
				ALWAYS_SEARCH_USER_PATHS = NO;
				CLANG_ANALYZER_NONNULL = YES;
				CLANG_ANALYZER_NUMBER_OBJECT_CONVERSION = YES_AGGRESSIVE;
				CLANG_CXX_LANGUAGE_STANDARD = "gnu++17";
				CLANG_CXX_LIBRARY = "libc++";
				CLANG_ENABLE_MODULES = YES;
				CLANG_ENABLE_OBJC_ARC = YES;
				CLANG_ENABLE_OBJC_WEAK = YES;
				CLANG_WARN_BLOCK_CAPTURE_AUTORELEASING = YES;
				CLANG_WARN_BOOL_CONVERSION = YES;
				CLANG_WARN_COMMA = YES;
				CLANG_WARN_CONSTANT_CONVERSION = YES;
				CLANG_WARN_DEPRECATED_OBJC_IMPLEMENTATIONS = YES;
				CLANG_WARN_DIRECT_OBJC_ISA_USAGE = YES_ERROR;
				CLANG_WARN_DOCUMENTATION_COMMENTS = YES;
				CLANG_WARN_EMPTY_BODY = YES;
				CLANG_WARN_ENUM_CONVERSION = YES;
				CLANG_WARN_INFINITE_RECURSION = YES;
				CLANG_WARN_INT_CONVERSION = YES;
				CLANG_WARN_NON_LITERAL_NULL_CONVERSION = YES;
				CLANG_WARN_OBJC_IMPLICIT_RETAIN_SELF = YES;
				CLANG_WARN_OBJC_LITERAL_CONVERSION = YES;
				CLANG_WARN_OBJC_ROOT_CLASS = YES_ERROR;
				CLANG_WARN_QUOTED_INCLUDE_IN_FRAMEWORK_HEADER = YES;
				CLANG_WARN_RANGE_LOOP_ANALYSIS = YES;
				CLANG_WARN_STRICT_PROTOTYPES = YES;
				CLANG_WARN_SUSPICIOUS_MOVE = YES;
				CLANG_WARN_UNGUARDED_AVAILABILITY = YES_AGGRESSIVE;
				CLANG_WARN_UNREACHABLE_CODE = YES;
				CLANG_WARN__DUPLICATE_METHOD_MATCH = YES;
				COPY_PHASE_STRIP = NO;
				DEBUG_INFORMATION_FORMAT = dwarf;
				ENABLE_STRICT_OBJC_MSGSEND = YES;
				ENABLE_TESTABILITY = YES;
				GCC_C_LANGUAGE_STANDARD = gnu11;
				GCC_DYNAMIC_NO_PIC = NO;
				GCC_NO_COMMON_BLOCKS = YES;
				GCC_OPTIMIZATION_LEVEL = 0;
				GCC_PREPROCESSOR_DEFINITIONS = (
					"DEBUG=1",
					"$(inherited)",
				);
				GCC_WARN_64_TO_32_BIT_CONVERSION = YES;
				GCC_WARN_ABOUT_RETURN_TYPE = YES_ERROR;
				GCC_WARN_UNDECLARED_SELECTOR = YES;
				GCC_WARN_UNINITIALIZED_AUTOS = YES_AGGRESSIVE;
				GCC_WARN_UNUSED_FUNCTION = YES;
				GCC_WARN_UNUSED_VARIABLE = YES;
				IPHONEOS_DEPLOYMENT_TARGET = 15.2;
				MTL_ENABLE_DEBUG_INFO = INCLUDE_SOURCE;
				MTL_FAST_MATH = YES;
				ONLY_ACTIVE_ARCH = YES;
				SDKROOT = iphoneos;
				SWIFT_ACTIVE_COMPILATION_CONDITIONS = DEBUG;
				SWIFT_OPTIMIZATION_LEVEL = "-Onone";
			};
			name = Debug;
		};
		AB9097CF2890414100A49EDE /* Release */ = {
			isa = XCBuildConfiguration;
			buildSettings = {
				ALWAYS_SEARCH_USER_PATHS = NO;
				CLANG_ANALYZER_NONNULL = YES;
				CLANG_ANALYZER_NUMBER_OBJECT_CONVERSION = YES_AGGRESSIVE;
				CLANG_CXX_LANGUAGE_STANDARD = "gnu++17";
				CLANG_CXX_LIBRARY = "libc++";
				CLANG_ENABLE_MODULES = YES;
				CLANG_ENABLE_OBJC_ARC = YES;
				CLANG_ENABLE_OBJC_WEAK = YES;
				CLANG_WARN_BLOCK_CAPTURE_AUTORELEASING = YES;
				CLANG_WARN_BOOL_CONVERSION = YES;
				CLANG_WARN_COMMA = YES;
				CLANG_WARN_CONSTANT_CONVERSION = YES;
				CLANG_WARN_DEPRECATED_OBJC_IMPLEMENTATIONS = YES;
				CLANG_WARN_DIRECT_OBJC_ISA_USAGE = YES_ERROR;
				CLANG_WARN_DOCUMENTATION_COMMENTS = YES;
				CLANG_WARN_EMPTY_BODY = YES;
				CLANG_WARN_ENUM_CONVERSION = YES;
				CLANG_WARN_INFINITE_RECURSION = YES;
				CLANG_WARN_INT_CONVERSION = YES;
				CLANG_WARN_NON_LITERAL_NULL_CONVERSION = YES;
				CLANG_WARN_OBJC_IMPLICIT_RETAIN_SELF = YES;
				CLANG_WARN_OBJC_LITERAL_CONVERSION = YES;
				CLANG_WARN_OBJC_ROOT_CLASS = YES_ERROR;
				CLANG_WARN_QUOTED_INCLUDE_IN_FRAMEWORK_HEADER = YES;
				CLANG_WARN_RANGE_LOOP_ANALYSIS = YES;
				CLANG_WARN_STRICT_PROTOTYPES = YES;
				CLANG_WARN_SUSPICIOUS_MOVE = YES;
				CLANG_WARN_UNGUARDED_AVAILABILITY = YES_AGGRESSIVE;
				CLANG_WARN_UNREACHABLE_CODE = YES;
				CLANG_WARN__DUPLICATE_METHOD_MATCH = YES;
				COPY_PHASE_STRIP = NO;
				DEBUG_INFORMATION_FORMAT = "dwarf-with-dsym";
				ENABLE_NS_ASSERTIONS = NO;
				ENABLE_STRICT_OBJC_MSGSEND = YES;
				GCC_C_LANGUAGE_STANDARD = gnu11;
				GCC_NO_COMMON_BLOCKS = YES;
				GCC_WARN_64_TO_32_BIT_CONVERSION = YES;
				GCC_WARN_ABOUT_RETURN_TYPE = YES_ERROR;
				GCC_WARN_UNDECLARED_SELECTOR = YES;
				GCC_WARN_UNINITIALIZED_AUTOS = YES_AGGRESSIVE;
				GCC_WARN_UNUSED_FUNCTION = YES;
				GCC_WARN_UNUSED_VARIABLE = YES;
				IPHONEOS_DEPLOYMENT_TARGET = 15.2;
				MTL_ENABLE_DEBUG_INFO = NO;
				MTL_FAST_MATH = YES;
				SDKROOT = iphoneos;
				SWIFT_COMPILATION_MODE = wholemodule;
				SWIFT_OPTIMIZATION_LEVEL = "-O";
				VALIDATE_PRODUCT = YES;
			};
			name = Release;
		};
		AB9097D12890414100A49EDE /* Debug */ = {
			isa = XCBuildConfiguration;
			buildSettings = {
				ASSETCATALOG_COMPILER_APPICON_NAME = AppIcon;
				ASSETCATALOG_COMPILER_GLOBAL_ACCENT_COLOR_NAME = AccentColor;
				CODE_SIGN_STYLE = Automatic;
				CURRENT_PROJECT_VERSION = 1;
				GENERATE_INFOPLIST_FILE = YES;
				INFOPLIST_FILE = Restoin/Info.plist;
				INFOPLIST_KEY_UIApplicationSupportsIndirectInputEvents = YES;
				INFOPLIST_KEY_UILaunchStoryboardName = LaunchScreen;
				INFOPLIST_KEY_UIMainStoryboardFile = Main;
				INFOPLIST_KEY_UISupportedInterfaceOrientations_iPad = "UIInterfaceOrientationPortrait UIInterfaceOrientationPortraitUpsideDown UIInterfaceOrientationLandscapeLeft UIInterfaceOrientationLandscapeRight";
				INFOPLIST_KEY_UISupportedInterfaceOrientations_iPhone = "UIInterfaceOrientationPortrait UIInterfaceOrientationLandscapeLeft UIInterfaceOrientationLandscapeRight";
				LD_RUNPATH_SEARCH_PATHS = (
					"$(inherited)",
					"@executable_path/Frameworks",
				);
				MARKETING_VERSION = 1.0;
				PRODUCT_BUNDLE_IDENTIFIER = com.fauzi.rahman.Restoin;
				PRODUCT_NAME = "$(TARGET_NAME)";
				SWIFT_EMIT_LOC_STRINGS = YES;
				SWIFT_VERSION = 5.0;
				TARGETED_DEVICE_FAMILY = "1,2";
			};
			name = Debug;
		};
		AB9097D22890414100A49EDE /* Release */ = {
			isa = XCBuildConfiguration;
			buildSettings = {
				ASSETCATALOG_COMPILER_APPICON_NAME = AppIcon;
				ASSETCATALOG_COMPILER_GLOBAL_ACCENT_COLOR_NAME = AccentColor;
				CODE_SIGN_STYLE = Automatic;
				CURRENT_PROJECT_VERSION = 1;
				GENERATE_INFOPLIST_FILE = YES;
				INFOPLIST_FILE = Restoin/Info.plist;
				INFOPLIST_KEY_UIApplicationSupportsIndirectInputEvents = YES;
				INFOPLIST_KEY_UILaunchStoryboardName = LaunchScreen;
				INFOPLIST_KEY_UIMainStoryboardFile = Main;
				INFOPLIST_KEY_UISupportedInterfaceOrientations_iPad = "UIInterfaceOrientationPortrait UIInterfaceOrientationPortraitUpsideDown UIInterfaceOrientationLandscapeLeft UIInterfaceOrientationLandscapeRight";
				INFOPLIST_KEY_UISupportedInterfaceOrientations_iPhone = "UIInterfaceOrientationPortrait UIInterfaceOrientationLandscapeLeft UIInterfaceOrientationLandscapeRight";
				LD_RUNPATH_SEARCH_PATHS = (
					"$(inherited)",
					"@executable_path/Frameworks",
				);
				MARKETING_VERSION = 1.0;
				PRODUCT_BUNDLE_IDENTIFIER = com.fauzi.rahman.Restoin;
				PRODUCT_NAME = "$(TARGET_NAME)";
				SWIFT_EMIT_LOC_STRINGS = YES;
				SWIFT_VERSION = 5.0;
				TARGETED_DEVICE_FAMILY = "1,2";
			};
			name = Release;
		};
/* End XCBuildConfiguration section */

/* Begin XCConfigurationList section */
		AB9097B72890413700A49EDE /* Build configuration list for PBXProject "Restoin" */ = {
			isa = XCConfigurationList;
			buildConfigurations = (
				AB9097CE2890414100A49EDE /* Debug */,
				AB9097CF2890414100A49EDE /* Release */,
			);
			defaultConfigurationIsVisible = 0;
			defaultConfigurationName = Release;
		};
		AB9097D02890414100A49EDE /* Build configuration list for PBXNativeTarget "Restoin" */ = {
			isa = XCConfigurationList;
			buildConfigurations = (
				AB9097D12890414100A49EDE /* Debug */,
				AB9097D22890414100A49EDE /* Release */,
			);
			defaultConfigurationIsVisible = 0;
			defaultConfigurationName = Release;
		};
/* End XCConfigurationList section */
	};
	rootObject = AB9097B42890413700A49EDE /* Project object */;
}
